
Microsoft Visual Studio Solution File, Format Version 12.00
# Visual Studio 2012
Project("{FAE04EC0-301F-11D3-BF4B-00C04F79EFBC}") = "UDPService", "UDPService\UDPService.csproj", "{7BB4D812-E6FF-45C8-A389-7F4FAF812421}"
EndProject
Global
	GlobalSection(SolutionConfigurationPlatforms) = preSolution
		Debug|Any CPU = Debug|Any CPU
		Release|Any CPU = Release|Any CPU
	EndGlobalSection
	GlobalSection(ProjectConfigurationPlatforms) = postSolution
		{7BB4D812-E6FF-45C8-A389-7F4FAF812421}.Debug|Any CPU.ActiveCfg = Debug|Any CPU
		{7BB4D812-E6FF-45C8-A389-7F4FAF812421}.Debug|Any CPU.Build.0 = Debug|Any CPU
		{7BB4D812-E6FF-45C8-A389-7F4FAF812421}.Release|Any CPU.ActiveCfg = Release|Any CPU
		{7BB4D812-E6FF-45C8-A389-7F4FAF812421}.Release|Any CPU.Build.0 = Release|Any CPU
	EndGlobalSection
	GlobalSection(SolutionProperties) = preSolution
		HideSolutionNode = FALSE
	EndGlobalSection
EndGlobal
